// !$*UTF8*$!
{
	archiveVersion = 1;
	classes = {
	};
	objectVersion = 56;
	objects = {

/* Begin PBXBuildFile section */
		6F39C1802A84E8E400B2403F /* AppDelegate.swift in Sources */ = {isa = PBXBuildFile; fileRef = 6F39C17F2A84E8E400B2403F /* AppDelegate.swift */; };
		6F39C1822A84E8E400B2403F /* SceneDelegate.swift in Sources */ = {isa = PBXBuildFile; fileRef = 6F39C1812A84E8E400B2403F /* SceneDelegate.swift */; };
		6F39C1872A84E8E400B2403F /* Main.storyboard in Resources */ = {isa = PBXBuildFile; fileRef = 6F39C1852A84E8E400B2403F /* Main.storyboard */; };
		6F39C18A2A84E8E400B2403F /* Dispatcher.xcdatamodeld in Sources */ = {isa = PBXBuildFile; fileRef = 6F39C1882A84E8E400B2403F /* Dispatcher.xcdatamodeld */; };
		6F39C18C2A84E8E500B2403F /* Assets.xcassets in Resources */ = {isa = PBXBuildFile; fileRef = 6F39C18B2A84E8E500B2403F /* Assets.xcassets */; };
		6F39C19C2A86893100B2403F /* SplashViewController.swift in Sources */ = {isa = PBXBuildFile; fileRef = 6F39C19B2A86893100B2403F /* SplashViewController.swift */; };
		6FD49B0C2A87FD6800BF85EB /* HomePageViewController.swift in Sources */ = {isa = PBXBuildFile; fileRef = 6FD49B0B2A87FD6800BF85EB /* HomePageViewController.swift */; };
		6FD49B0E2A87FD7D00BF85EB /* UserPageViewController.swift in Sources */ = {isa = PBXBuildFile; fileRef = 6FD49B0D2A87FD7D00BF85EB /* UserPageViewController.swift */; };
		6FD49B102A87FDB100BF85EB /* FavoritePageViewController.swift in Sources */ = {isa = PBXBuildFile; fileRef = 6FD49B0F2A87FDB100BF85EB /* FavoritePageViewController.swift */; };
		6FD49B182A890C0E00BF85EB /* NavigationBar.swift in Sources */ = {isa = PBXBuildFile; fileRef = 6FD49B172A890C0E00BF85EB /* NavigationBar.swift */; };
		6FD49B1C2A8A27D700BF85EB /* DataSource.swift in Sources */ = {isa = PBXBuildFile; fileRef = 6FD49B1B2A8A27D700BF85EB /* DataSource.swift */; };
		6FD49B1F2A8A5E6500BF85EB /* ArticleCell.swift in Sources */ = {isa = PBXBuildFile; fileRef = 6FD49B1D2A8A5E6500BF85EB /* ArticleCell.swift */; };
		6FD49B202A8A5E6500BF85EB /* ArticleCell.xib in Resources */ = {isa = PBXBuildFile; fileRef = 6FD49B1E2A8A5E6500BF85EB /* ArticleCell.xib */; };
/* End PBXBuildFile section */

/* Begin PBXFileReference section */
		68D861A1C64684313A351D1B /* Pods_Dispatcher.framework */ = {isa = PBXFileReference; explicitFileType = wrapper.framework; includeInIndex = 0; path = Pods_Dispatcher.framework; sourceTree = BUILT_PRODUCTS_DIR; };
		6F39C17F2A84E8E400B2403F /* AppDelegate.swift */ = {isa = PBXFileReference; lastKnownFileType = sourcecode.swift; path = AppDelegate.swift; sourceTree = "<group>"; };
		6F39C1812A84E8E400B2403F /* SceneDelegate.swift */ = {isa = PBXFileReference; lastKnownFileType = sourcecode.swift; path = SceneDelegate.swift; sourceTree = "<group>"; };
		6F39C1862A84E8E400B2403F /* Base */ = {isa = PBXFileReference; lastKnownFileType = file.storyboard; name = Base; path = Base.lproj/Main.storyboard; sourceTree = "<group>"; };
		6F39C1892A84E8E400B2403F /* Dispatcher.xcdatamodel */ = {isa = PBXFileReference; lastKnownFileType = wrapper.xcdatamodel; path = Dispatcher.xcdatamodel; sourceTree = "<group>"; };
		6F39C18B2A84E8E500B2403F /* Assets.xcassets */ = {isa = PBXFileReference; lastKnownFileType = folder.assetcatalog; path = Assets.xcassets; sourceTree = "<group>"; };
		6F39C1902A84E8E500B2403F /* Info.plist */ = {isa = PBXFileReference; lastKnownFileType = text.plist.xml; path = Info.plist; sourceTree = "<group>"; };
		6F39C19B2A86893100B2403F /* SplashViewController.swift */ = {isa = PBXFileReference; lastKnownFileType = sourcecode.swift; path = SplashViewController.swift; sourceTree = "<group>"; };
		6F7B11222A8BB1340033060E /* Dispatcher.app */ = {isa = PBXFileReference; explicitFileType = wrapper.application; includeInIndex = 0; path = Dispatcher.app; sourceTree = BUILT_PRODUCTS_DIR; };
		6FD49B0B2A87FD6800BF85EB /* HomePageViewController.swift */ = {isa = PBXFileReference; lastKnownFileType = sourcecode.swift; path = HomePageViewController.swift; sourceTree = "<group>"; };
		6FD49B0D2A87FD7D00BF85EB /* UserPageViewController.swift */ = {isa = PBXFileReference; lastKnownFileType = sourcecode.swift; path = UserPageViewController.swift; sourceTree = "<group>"; };
		6FD49B0F2A87FDB100BF85EB /* FavoritePageViewController.swift */ = {isa = PBXFileReference; lastKnownFileType = sourcecode.swift; path = FavoritePageViewController.swift; sourceTree = "<group>"; };
		6FD49B172A890C0E00BF85EB /* NavigationBar.swift */ = {isa = PBXFileReference; lastKnownFileType = sourcecode.swift; path = NavigationBar.swift; sourceTree = "<group>"; };
		6FD49B1B2A8A27D700BF85EB /* DataSource.swift */ = {isa = PBXFileReference; lastKnownFileType = sourcecode.swift; path = DataSource.swift; sourceTree = "<group>"; };
		6FD49B1D2A8A5E6500BF85EB /* ArticleCell.swift */ = {isa = PBXFileReference; lastKnownFileType = sourcecode.swift; path = ArticleCell.swift; sourceTree = "<group>"; };
		6FD49B1E2A8A5E6500BF85EB /* ArticleCell.xib */ = {isa = PBXFileReference; lastKnownFileType = file.xib; path = ArticleCell.xib; sourceTree = "<group>"; };
		CBA5BC3FDD4FA8C3342B8A67 /* Pods-Dispatcher.debug.xcconfig */ = {isa = PBXFileReference; includeInIndex = 1; lastKnownFileType = text.xcconfig; name = "Pods-Dispatcher.debug.xcconfig"; path = "Target Support Files/Pods-Dispatcher/Pods-Dispatcher.debug.xcconfig"; sourceTree = "<group>"; };
		E05673577CF587AE97D1D8EF /* Pods-Dispatcher.release.xcconfig */ = {isa = PBXFileReference; includeInIndex = 1; lastKnownFileType = text.xcconfig; name = "Pods-Dispatcher.release.xcconfig"; path = "Target Support Files/Pods-Dispatcher/Pods-Dispatcher.release.xcconfig"; sourceTree = "<group>"; };
/* End PBXFileReference section */

/* Begin PBXFrameworksBuildPhase section */
		6F39C1792A84E8E400B2403F /* Frameworks */ = {
			isa = PBXFrameworksBuildPhase;
			buildActionMask = 2147483647;
			files = (
			);
			runOnlyForDeploymentPostprocessing = 0;
		};
/* End PBXFrameworksBuildPhase section */

/* Begin PBXGroup section */
		327694E4B39C36F780714E1F /* Pods */ = {
			isa = PBXGroup;
			children = (
				CBA5BC3FDD4FA8C3342B8A67 /* Pods-Dispatcher.debug.xcconfig */,
				E05673577CF587AE97D1D8EF /* Pods-Dispatcher.release.xcconfig */,
			);
			path = Pods;
			sourceTree = "<group>";
		};
		4223EC8A461E3A41E3B55DA5 /* Frameworks */ = {
			isa = PBXGroup;
			children = (
				68D861A1C64684313A351D1B /* Pods_Dispatcher.framework */,
			);
			name = Frameworks;
			sourceTree = "<group>";
		};
		6F39C1732A84E8E400B2403F = {
			isa = PBXGroup;
			children = (
				6F39C17E2A84E8E400B2403F /* Dispatcher */,
				6F7B11222A8BB1340033060E /* Dispatcher.app */,
				327694E4B39C36F780714E1F /* Pods */,
				4223EC8A461E3A41E3B55DA5 /* Frameworks */,
			);
			sourceTree = "<group>";
		};
		6F39C17E2A84E8E400B2403F /* Dispatcher */ = {
			isa = PBXGroup;
			children = (
				6F39C19A2A8684EA00B2403F /* Resources */,
				6F39C1992A86845C00B2403F /* AppDelegate */,
				6F39C1982A86844500B2403F /* Controller */,
				6F39C1972A86843600B2403F /* View */,
				6F39C1962A86840B00B2403F /* Model */,
			);
			path = Dispatcher;
			sourceTree = "<group>";
		};
		6F39C1962A86840B00B2403F /* Model */ = {
			isa = PBXGroup;
			children = (
				6F39C1882A84E8E400B2403F /* Dispatcher.xcdatamodeld */,
				6FD49B1B2A8A27D700BF85EB /* DataSource.swift */,
			);
			path = Model;
			sourceTree = "<group>";
		};
		6F39C1972A86843600B2403F /* View */ = {
			isa = PBXGroup;
			children = (
				6F39C1852A84E8E400B2403F /* Main.storyboard */,
				6FD49B1D2A8A5E6500BF85EB /* ArticleCell.swift */,
				6FD49B1E2A8A5E6500BF85EB /* ArticleCell.xib */,
			);
			path = View;
			sourceTree = "<group>";
		};
		6F39C1982A86844500B2403F /* Controller */ = {
			isa = PBXGroup;
			children = (
				6F39C19B2A86893100B2403F /* SplashViewController.swift */,
				6FD49B0B2A87FD6800BF85EB /* HomePageViewController.swift */,
				6FD49B0D2A87FD7D00BF85EB /* UserPageViewController.swift */,
				6FD49B0F2A87FDB100BF85EB /* FavoritePageViewController.swift */,
				6FD49B172A890C0E00BF85EB /* NavigationBar.swift */,
			);
			path = Controller;
			sourceTree = "<group>";
		};
		6F39C1992A86845C00B2403F /* AppDelegate */ = {
			isa = PBXGroup;
			children = (
				6F39C17F2A84E8E400B2403F /* AppDelegate.swift */,
				6F39C1812A84E8E400B2403F /* SceneDelegate.swift */,
			);
			path = AppDelegate;
			sourceTree = "<group>";
		};
		6F39C19A2A8684EA00B2403F /* Resources */ = {
			isa = PBXGroup;
			children = (
				6F39C1902A84E8E500B2403F /* Info.plist */,
				6F39C18B2A84E8E500B2403F /* Assets.xcassets */,
			);
			path = Resources;
			sourceTree = "<group>";
		};
/* End PBXGroup section */

/* Begin PBXNativeTarget section */
		6F39C17B2A84E8E400B2403F /* Dispatcher */ = {
			isa = PBXNativeTarget;
			buildConfigurationList = 6F39C1932A84E8E500B2403F /* Build configuration list for PBXNativeTarget "Dispatcher" */;
			buildPhases = (
				91A2D0AAE66CF050649E9317 /* [CP] Check Pods Manifest.lock */,
				6F39C1782A84E8E400B2403F /* Sources */,
				6F39C1792A84E8E400B2403F /* Frameworks */,
				6F39C17A2A84E8E400B2403F /* Resources */,
			);
			buildRules = (
			);
			dependencies = (
			);
			name = Dispatcher;
			productName = Dispatcher;
			productReference = 6F7B11222A8BB1340033060E /* Dispatcher.app */;
			productType = "com.apple.product-type.application";
		};
/* End PBXNativeTarget section */

/* Begin PBXProject section */
		6F39C1742A84E8E400B2403F /* Project object */ = {
			isa = PBXProject;
			attributes = {
				BuildIndependentTargetsInParallel = 1;
				LastSwiftUpdateCheck = 1430;
				LastUpgradeCheck = 1430;
				TargetAttributes = {
					6F39C17B2A84E8E400B2403F = {
						CreatedOnToolsVersion = 14.3.1;
					};
				};
			};
			buildConfigurationList = 6F39C1772A84E8E400B2403F /* Build configuration list for PBXProject "Dispatcher" */;
			compatibilityVersion = "Xcode 14.0";
			developmentRegion = en;
			hasScannedForEncodings = 0;
			knownRegions = (
				en,
				Base,
			);
			mainGroup = 6F39C1732A84E8E400B2403F;
			productRefGroup = 6F39C1732A84E8E400B2403F;
			projectDirPath = "";
			projectRoot = "";
			targets = (
				6F39C17B2A84E8E400B2403F /* Dispatcher */,
			);
		};
/* End PBXProject section */

/* Begin PBXResourcesBuildPhase section */
		6F39C17A2A84E8E400B2403F /* Resources */ = {
			isa = PBXResourcesBuildPhase;
			buildActionMask = 2147483647;
			files = (
				6F39C18C2A84E8E500B2403F /* Assets.xcassets in Resources */,
				6FD49B202A8A5E6500BF85EB /* ArticleCell.xib in Resources */,
				6F39C1872A84E8E400B2403F /* Main.storyboard in Resources */,
			);
			runOnlyForDeploymentPostprocessing = 0;
		};
/* End PBXResourcesBuildPhase section */

/* Begin PBXShellScriptBuildPhase section */
		91A2D0AAE66CF050649E9317 /* [CP] Check Pods Manifest.lock */ = {
			isa = PBXShellScriptBuildPhase;
			buildActionMask = 2147483647;
			files = (
			);
			inputFileListPaths = (
			);
			inputPaths = (
				"${PODS_PODFILE_DIR_PATH}/Podfile.lock",
				"${PODS_ROOT}/Manifest.lock",
			);
			name = "[CP] Check Pods Manifest.lock";
			outputFileListPaths = (
			);
			outputPaths = (
				"$(DERIVED_FILE_DIR)/Pods-Dispatcher-checkManifestLockResult.txt",
			);
			runOnlyForDeploymentPostprocessing = 0;
			shellPath = /bin/sh;
			shellScript = "diff \"${PODS_PODFILE_DIR_PATH}/Podfile.lock\" \"${PODS_ROOT}/Manifest.lock\" > /dev/null\nif [ $? != 0 ] ; then\n    # print error to STDERR\n    echo \"error: The sandbox is not in sync with the Podfile.lock. Run 'pod install' or update your CocoaPods installation.\" >&2\n    exit 1\nfi\n# This output is used by Xcode 'outputs' to avoid re-running this script phase.\necho \"SUCCESS\" > \"${SCRIPT_OUTPUT_FILE_0}\"\n";
			showEnvVarsInLog = 0;
		};
/* End PBXShellScriptBuildPhase section */

/* Begin PBXSourcesBuildPhase section */
		6F39C1782A84E8E400B2403F /* Sources */ = {
			isa = PBXSourcesBuildPhase;
			buildActionMask = 2147483647;
			files = (
				6FD49B102A87FDB100BF85EB /* FavoritePageViewController.swift in Sources */,
				6FD49B0E2A87FD7D00BF85EB /* UserPageViewController.swift in Sources */,
				6F39C1802A84E8E400B2403F /* AppDelegate.swift in Sources */,
				6FD49B1C2A8A27D700BF85EB /* DataSource.swift in Sources */,
				6F39C18A2A84E8E400B2403F /* Dispatcher.xcdatamodeld in Sources */,
				6F39C19C2A86893100B2403F /* SplashViewController.swift in Sources */,
				6FD49B182A890C0E00BF85EB /* NavigationBar.swift in Sources */,
				6FD49B0C2A87FD6800BF85EB /* HomePageViewController.swift in Sources */,
				6FD49B1F2A8A5E6500BF85EB /* ArticleCell.swift in Sources */,
				6F39C1822A84E8E400B2403F /* SceneDelegate.swift in Sources */,
			);
			runOnlyForDeploymentPostprocessing = 0;
		};
/* End PBXSourcesBuildPhase section */

/* Begin PBXVariantGroup section */
		6F39C1852A84E8E400B2403F /* Main.storyboard */ = {
			isa = PBXVariantGroup;
			children = (
				6F39C1862A84E8E400B2403F /* Base */,
			);
			name = Main.storyboard;
			sourceTree = "<group>";
		};
/* End PBXVariantGroup section */

/* Begin XCBuildConfiguration section */
		6F39C1912A84E8E500B2403F /* Debug */ = {
			isa = XCBuildConfiguration;
			buildSettings = {
				ALWAYS_SEARCH_USER_PATHS = NO;
				CLANG_ANALYZER_NONNULL = YES;
				CLANG_ANALYZER_NUMBER_OBJECT_CONVERSION = YES_AGGRESSIVE;
				CLANG_CXX_LANGUAGE_STANDARD = "gnu++20";
				CLANG_ENABLE_MODULES = YES;
				CLANG_ENABLE_OBJC_ARC = YES;
				CLANG_ENABLE_OBJC_WEAK = YES;
				CLANG_WARN_BLOCK_CAPTURE_AUTORELEASING = YES;
				CLANG_WARN_BOOL_CONVERSION = YES;
				CLANG_WARN_COMMA = YES;
				CLANG_WARN_CONSTANT_CONVERSION = YES;
				CLANG_WARN_DEPRECATED_OBJC_IMPLEMENTATIONS = YES;
				CLANG_WARN_DIRECT_OBJC_ISA_USAGE = YES_ERROR;
				CLANG_WARN_DOCUMENTATION_COMMENTS = YES;
				CLANG_WARN_EMPTY_BODY = YES;
				CLANG_WARN_ENUM_CONVERSION = YES;
				CLANG_WARN_INFINITE_RECURSION = YES;
				CLANG_WARN_INT_CONVERSION = YES;
				CLANG_WARN_NON_LITERAL_NULL_CONVERSION = YES;
				CLANG_WARN_OBJC_IMPLICIT_RETAIN_SELF = YES;
				CLANG_WARN_OBJC_LITERAL_CONVERSION = YES;
				CLANG_WARN_OBJC_ROOT_CLASS = YES_ERROR;
				CLANG_WARN_QUOTED_INCLUDE_IN_FRAMEWORK_HEADER = YES;
				CLANG_WARN_RANGE_LOOP_ANALYSIS = YES;
				CLANG_WARN_STRICT_PROTOTYPES = YES;
				CLANG_WARN_SUSPICIOUS_MOVE = YES;
				CLANG_WARN_UNGUARDED_AVAILABILITY = YES_AGGRESSIVE;
				CLANG_WARN_UNREACHABLE_CODE = YES;
				CLANG_WARN__DUPLICATE_METHOD_MATCH = YES;
				COPY_PHASE_STRIP = NO;
				DEBUG_INFORMATION_FORMAT = dwarf;
				ENABLE_STRICT_OBJC_MSGSEND = YES;
				ENABLE_TESTABILITY = YES;
				GCC_C_LANGUAGE_STANDARD = gnu11;
				GCC_DYNAMIC_NO_PIC = NO;
				GCC_NO_COMMON_BLOCKS = YES;
				GCC_OPTIMIZATION_LEVEL = 0;
				GCC_PREPROCESSOR_DEFINITIONS = (
					"DEBUG=1",
					"$(inherited)",
				);
				GCC_WARN_64_TO_32_BIT_CONVERSION = YES;
				GCC_WARN_ABOUT_RETURN_TYPE = YES_ERROR;
				GCC_WARN_UNDECLARED_SELECTOR = YES;
				GCC_WARN_UNINITIALIZED_AUTOS = YES_AGGRESSIVE;
				GCC_WARN_UNUSED_FUNCTION = YES;
				GCC_WARN_UNUSED_VARIABLE = YES;
				IPHONEOS_DEPLOYMENT_TARGET = 16.4;
				MTL_ENABLE_DEBUG_INFO = INCLUDE_SOURCE;
				MTL_FAST_MATH = YES;
				ONLY_ACTIVE_ARCH = YES;
				SDKROOT = iphoneos;
				SWIFT_ACTIVE_COMPILATION_CONDITIONS = DEBUG;
				SWIFT_OPTIMIZATION_LEVEL = "-Onone";
			};
			name = Debug;
		};
		6F39C1922A84E8E500B2403F /* Release */ = {
			isa = XCBuildConfiguration;
			buildSettings = {
				ALWAYS_SEARCH_USER_PATHS = NO;
				CLANG_ANALYZER_NONNULL = YES;
				CLANG_ANALYZER_NUMBER_OBJECT_CONVERSION = YES_AGGRESSIVE;
				CLANG_CXX_LANGUAGE_STANDARD = "gnu++20";
				CLANG_ENABLE_MODULES = YES;
				CLANG_ENABLE_OBJC_ARC = YES;
				CLANG_ENABLE_OBJC_WEAK = YES;
				CLANG_WARN_BLOCK_CAPTURE_AUTORELEASING = YES;
				CLANG_WARN_BOOL_CONVERSION = YES;
				CLANG_WARN_COMMA = YES;
				CLANG_WARN_CONSTANT_CONVERSION = YES;
				CLANG_WARN_DEPRECATED_OBJC_IMPLEMENTATIONS = YES;
				CLANG_WARN_DIRECT_OBJC_ISA_USAGE = YES_ERROR;
				CLANG_WARN_DOCUMENTATION_COMMENTS = YES;
				CLANG_WARN_EMPTY_BODY = YES;
				CLANG_WARN_ENUM_CONVERSION = YES;
				CLANG_WARN_INFINITE_RECURSION = YES;
				CLANG_WARN_INT_CONVERSION = YES;
				CLANG_WARN_NON_LITERAL_NULL_CONVERSION = YES;
				CLANG_WARN_OBJC_IMPLICIT_RETAIN_SELF = YES;
				CLANG_WARN_OBJC_LITERAL_CONVERSION = YES;
				CLANG_WARN_OBJC_ROOT_CLASS = YES_ERROR;
				CLANG_WARN_QUOTED_INCLUDE_IN_FRAMEWORK_HEADER = YES;
				CLANG_WARN_RANGE_LOOP_ANALYSIS = YES;
				CLANG_WARN_STRICT_PROTOTYPES = YES;
				CLANG_WARN_SUSPICIOUS_MOVE = YES;
				CLANG_WARN_UNGUARDED_AVAILABILITY = YES_AGGRESSIVE;
				CLANG_WARN_UNREACHABLE_CODE = YES;
				CLANG_WARN__DUPLICATE_METHOD_MATCH = YES;
				COPY_PHASE_STRIP = NO;
				DEBUG_INFORMATION_FORMAT = "dwarf-with-dsym";
				ENABLE_NS_ASSERTIONS = NO;
				ENABLE_STRICT_OBJC_MSGSEND = YES;
				GCC_C_LANGUAGE_STANDARD = gnu11;
				GCC_NO_COMMON_BLOCKS = YES;
				GCC_WARN_64_TO_32_BIT_CONVERSION = YES;
				GCC_WARN_ABOUT_RETURN_TYPE = YES_ERROR;
				GCC_WARN_UNDECLARED_SELECTOR = YES;
				GCC_WARN_UNINITIALIZED_AUTOS = YES_AGGRESSIVE;
				GCC_WARN_UNUSED_FUNCTION = YES;
				GCC_WARN_UNUSED_VARIABLE = YES;
				IPHONEOS_DEPLOYMENT_TARGET = 16.4;
				MTL_ENABLE_DEBUG_INFO = NO;
				MTL_FAST_MATH = YES;
				SDKROOT = iphoneos;
				SWIFT_COMPILATION_MODE = wholemodule;
				SWIFT_OPTIMIZATION_LEVEL = "-O";
				VALIDATE_PRODUCT = YES;
			};
			name = Release;
		};
		6F39C1942A84E8E500B2403F /* Debug */ = {
			isa = XCBuildConfiguration;
			baseConfigurationReference = CBA5BC3FDD4FA8C3342B8A67 /* Pods-Dispatcher.debug.xcconfig */;
			buildSettings = {
				ASSETCATALOG_COMPILER_APPICON_NAME = AppIcon;
				ASSETCATALOG_COMPILER_GLOBAL_ACCENT_COLOR_NAME = AccentColor;
				CODE_SIGN_STYLE = Automatic;
				CURRENT_PROJECT_VERSION = 1;
				GENERATE_INFOPLIST_FILE = YES;
				INFOPLIST_FILE = Dispatcher/Resources/Info.plist;
				INFOPLIST_KEY_UIApplicationSupportsIndirectInputEvents = YES;
				INFOPLIST_KEY_UILaunchStoryboardName = Main.storyboard;
				INFOPLIST_KEY_UIMainStoryboardFile = Main;
				INFOPLIST_KEY_UISupportedInterfaceOrientations_iPad = "UIInterfaceOrientationPortrait UIInterfaceOrientationPortraitUpsideDown UIInterfaceOrientationLandscapeLeft UIInterfaceOrientationLandscapeRight";
				INFOPLIST_KEY_UISupportedInterfaceOrientations_iPhone = "UIInterfaceOrientationPortrait UIInterfaceOrientationLandscapeLeft UIInterfaceOrientationLandscapeRight";
				LD_RUNPATH_SEARCH_PATHS = (
					"$(inherited)",
					"@executable_path/Frameworks",
				);
				MARKETING_VERSION = 1.0;
				PRODUCT_BUNDLE_IDENTIFIER = com.hadarBasson.Dispatcher;
				PRODUCT_NAME = "$(TARGET_NAME)";
				SWIFT_EMIT_LOC_STRINGS = YES;
				SWIFT_VERSION = 5.0;
				TARGETED_DEVICE_FAMILY = "1,2";
			};
			name = Debug;
		};
		6F39C1952A84E8E500B2403F /* Release */ = {
			isa = XCBuildConfiguration;
			baseConfigurationReference = E05673577CF587AE97D1D8EF /* Pods-Dispatcher.release.xcconfig */;
			buildSettings = {
				ASSETCATALOG_COMPILER_APPICON_NAME = AppIcon;
				ASSETCATALOG_COMPILER_GLOBAL_ACCENT_COLOR_NAME = AccentColor;
				CODE_SIGN_STYLE = Automatic;
				CURRENT_PROJECT_VERSION = 1;
				GENERATE_INFOPLIST_FILE = YES;
				INFOPLIST_FILE = Dispatcher/Resources/Info.plist;
				INFOPLIST_KEY_UIApplicationSupportsIndirectInputEvents = YES;
				INFOPLIST_KEY_UILaunchStoryboardName = Main.storyboard;
				INFOPLIST_KEY_UIMainStoryboardFile = Main;
				INFOPLIST_KEY_UISupportedInterfaceOrientations_iPad = "UIInterfaceOrientationPortrait UIInterfaceOrientationPortraitUpsideDown UIInterfaceOrientationLandscapeLeft UIInterfaceOrientationLandscapeRight";
				INFOPLIST_KEY_UISupportedInterfaceOrientations_iPhone = "UIInterfaceOrientationPortrait UIInterfaceOrientationLandscapeLeft UIInterfaceOrientationLandscapeRight";
				LD_RUNPATH_SEARCH_PATHS = (
					"$(inherited)",
					"@executable_path/Frameworks",
				);
				MARKETING_VERSION = 1.0;
				PRODUCT_BUNDLE_IDENTIFIER = com.hadarBasson.Dispatcher;
				PRODUCT_NAME = "$(TARGET_NAME)";
				SWIFT_EMIT_LOC_STRINGS = YES;
				SWIFT_VERSION = 5.0;
				TARGETED_DEVICE_FAMILY = "1,2";
			};
			name = Release;
		};
/* End XCBuildConfiguration section */

/* Begin XCConfigurationList section */
		6F39C1772A84E8E400B2403F /* Build configuration list for PBXProject "Dispatcher" */ = {
			isa = XCConfigurationList;
			buildConfigurations = (
				6F39C1912A84E8E500B2403F /* Debug */,
				6F39C1922A84E8E500B2403F /* Release */,
			);
			defaultConfigurationIsVisible = 0;
			defaultConfigurationName = Release;
		};
		6F39C1932A84E8E500B2403F /* Build configuration list for PBXNativeTarget "Dispatcher" */ = {
			isa = XCConfigurationList;
			buildConfigurations = (
				6F39C1942A84E8E500B2403F /* Debug */,
				6F39C1952A84E8E500B2403F /* Release */,
			);
			defaultConfigurationIsVisible = 0;
			defaultConfigurationName = Release;
		};
/* End XCConfigurationList section */

/* Begin XCVersionGroup section */
		6F39C1882A84E8E400B2403F /* Dispatcher.xcdatamodeld */ = {
			isa = XCVersionGroup;
			children = (
				6F39C1892A84E8E400B2403F /* Dispatcher.xcdatamodel */,
			);
			currentVersion = 6F39C1892A84E8E400B2403F /* Dispatcher.xcdatamodel */;
			path = Dispatcher.xcdatamodeld;
			sourceTree = "<group>";
			versionGroupType = wrapper.xcdatamodel;
		};
/* End XCVersionGroup section */
	};
	rootObject = 6F39C1742A84E8E400B2403F /* Project object */;
}
