// !$*UTF8*$!
{
	archiveVersion = 1;
	classes = {
	};
	objectVersion = 56;
	objects = {

/* Begin PBXBuildFile section */
		6F39C1802A84E8E400B2403F /* AppDelegate.swift in Sources */ = {isa = PBXBuildFile; fileRef = 6F39C17F2A84E8E400B2403F /* AppDelegate.swift */; };
		6F39C1822A84E8E400B2403F /* SceneDelegate.swift in Sources */ = {isa = PBXBuildFile; fileRef = 6F39C1812A84E8E400B2403F /* SceneDelegate.swift */; };
		6F39C1872A84E8E400B2403F /* Main.storyboard in Resources */ = {isa = PBXBuildFile; fileRef = 6F39C1852A84E8E400B2403F /* Main.storyboard */; };
		6F39C18A2A84E8E400B2403F /* Dispatcher.xcdatamodeld in Sources */ = {isa = PBXBuildFile; fileRef = 6F39C1882A84E8E400B2403F /* Dispatcher.xcdatamodeld */; };
		6F39C18C2A84E8E500B2403F /* Assets.xcassets in Resources */ = {isa = PBXBuildFile; fileRef = 6F39C18B2A84E8E500B2403F /* Assets.xcassets */; };
		6F39C19C2A86893100B2403F /* SplashViewController.swift in Sources */ = {isa = PBXBuildFile; fileRef = 6F39C19B2A86893100B2403F /* SplashViewController.swift */; };
		6F77EA752A9B860D003B2DB8 /* ArticleDetailsPageViewController.swift in Sources */ = {isa = PBXBuildFile; fileRef = 6F77EA742A9B860D003B2DB8 /* ArticleDetailsPageViewController.swift */; };
		6F77EA772A9B861B003B2DB8 /* ArticleDetailsPageViewModel.swift in Sources */ = {isa = PBXBuildFile; fileRef = 6F77EA762A9B861B003B2DB8 /* ArticleDetailsPageViewModel.swift */; };
		6F77EA792A9B905B003B2DB8 /* ArticleDetailsView.swift in Sources */ = {isa = PBXBuildFile; fileRef = 6F77EA782A9B905B003B2DB8 /* ArticleDetailsView.swift */; };
		6F77EA7B2A9C8D9E003B2DB8 /* RoundedButton.swift in Sources */ = {isa = PBXBuildFile; fileRef = 6F77EA7A2A9C8D9E003B2DB8 /* RoundedButton.swift */; };
		6F7B551D2A8E361500C17ED8 /* AritcleRepositoryMock.swift in Sources */ = {isa = PBXBuildFile; fileRef = 6F7B551C2A8E361500C17ED8 /* AritcleRepositoryMock.swift */; };
		6F7B55202A91357800C17ED8 /* Alamofire in Frameworks */ = {isa = PBXBuildFile; productRef = 6F7B551F2A91357800C17ED8 /* Alamofire */; };
		6F7B55252A92090E00C17ED8 /* ArticleRepository.swift in Sources */ = {isa = PBXBuildFile; fileRef = 6F7B55242A92090E00C17ED8 /* ArticleRepository.swift */; };
		6F7B552C2A9488DC00C17ED8 /* Kingfisher in Frameworks */ = {isa = PBXBuildFile; productRef = 6F7B552B2A9488DC00C17ED8 /* Kingfisher */; };
		6F7B55362A94A2B300C17ED8 /* NetworkManager.swift in Sources */ = {isa = PBXBuildFile; fileRef = 6F7B55352A94A2B300C17ED8 /* NetworkManager.swift */; };
		6F7B553A2A94B1B800C17ED8 /* BaseViewController.swift in Sources */ = {isa = PBXBuildFile; fileRef = 6F7B55392A94B1B800C17ED8 /* BaseViewController.swift */; };
		6F7B553D2A95005400C17ED8 /* SearchPageViewController.swift in Sources */ = {isa = PBXBuildFile; fileRef = 6F7B553C2A95005400C17ED8 /* SearchPageViewController.swift */; };
		6F7B55412A95E24A00C17ED8 /* SearchCell.swift in Sources */ = {isa = PBXBuildFile; fileRef = 6F7B553F2A95E24A00C17ED8 /* SearchCell.swift */; };
		6F7B55422A95E24A00C17ED8 /* SearchCell.xib in Resources */ = {isa = PBXBuildFile; fileRef = 6F7B55402A95E24A00C17ED8 /* SearchCell.xib */; };
		6F7B55462A9660FA00C17ED8 /* SearchPageViewModel.swift in Sources */ = {isa = PBXBuildFile; fileRef = 6F7B55452A9660FA00C17ED8 /* SearchPageViewModel.swift */; };
		6F7B55482A9793AD00C17ED8 /* SearchPageView.swift in Sources */ = {isa = PBXBuildFile; fileRef = 6F7B55472A9793AD00C17ED8 /* SearchPageView.swift */; };
		6FB15C462A8D1B9100756F6A /* Article.swift in Sources */ = {isa = PBXBuildFile; fileRef = 6FB15C452A8D1B9100756F6A /* Article.swift */; };
		6FB15C582A8DF03D00756F6A /* HomePageViewModel.swift in Sources */ = {isa = PBXBuildFile; fileRef = 6FB15C572A8DF03D00756F6A /* HomePageViewModel.swift */; };
		6FB15C5A2A8DF45A00756F6A /* ArticleRepositoryProtocol .swift in Sources */ = {isa = PBXBuildFile; fileRef = 6FB15C592A8DF45A00756F6A /* ArticleRepositoryProtocol .swift */; };
		6FD49B0C2A87FD6800BF85EB /* HomePageViewController.swift in Sources */ = {isa = PBXBuildFile; fileRef = 6FD49B0B2A87FD6800BF85EB /* HomePageViewController.swift */; };
		6FD49B0E2A87FD7D00BF85EB /* UserPageViewController.swift in Sources */ = {isa = PBXBuildFile; fileRef = 6FD49B0D2A87FD7D00BF85EB /* UserPageViewController.swift */; };
		6FD49B102A87FDB100BF85EB /* FavoritePageViewController.swift in Sources */ = {isa = PBXBuildFile; fileRef = 6FD49B0F2A87FDB100BF85EB /* FavoritePageViewController.swift */; };
		6FD49B182A890C0E00BF85EB /* NavigationBar.swift in Sources */ = {isa = PBXBuildFile; fileRef = 6FD49B172A890C0E00BF85EB /* NavigationBar.swift */; };
		6FD49B1F2A8A5E6500BF85EB /* ArticleCell.swift in Sources */ = {isa = PBXBuildFile; fileRef = 6FD49B1D2A8A5E6500BF85EB /* ArticleCell.swift */; };
		6FD49B202A8A5E6500BF85EB /* ArticleCell.xib in Resources */ = {isa = PBXBuildFile; fileRef = 6FD49B1E2A8A5E6500BF85EB /* ArticleCell.xib */; };
/* End PBXBuildFile section */

/* Begin PBXFileReference section */
		6F39C17F2A84E8E400B2403F /* AppDelegate.swift */ = {isa = PBXFileReference; lastKnownFileType = sourcecode.swift; path = AppDelegate.swift; sourceTree = "<group>"; };
		6F39C1812A84E8E400B2403F /* SceneDelegate.swift */ = {isa = PBXFileReference; lastKnownFileType = sourcecode.swift; path = SceneDelegate.swift; sourceTree = "<group>"; };
		6F39C1862A84E8E400B2403F /* Base */ = {isa = PBXFileReference; lastKnownFileType = file.storyboard; name = Base; path = Base.lproj/Main.storyboard; sourceTree = "<group>"; };
		6F39C1892A84E8E400B2403F /* Dispatcher.xcdatamodel */ = {isa = PBXFileReference; lastKnownFileType = wrapper.xcdatamodel; path = Dispatcher.xcdatamodel; sourceTree = "<group>"; };
		6F39C18B2A84E8E500B2403F /* Assets.xcassets */ = {isa = PBXFileReference; lastKnownFileType = folder.assetcatalog; path = Assets.xcassets; sourceTree = "<group>"; };
		6F39C1902A84E8E500B2403F /* Info.plist */ = {isa = PBXFileReference; lastKnownFileType = text.plist.xml; path = Info.plist; sourceTree = "<group>"; };
		6F39C19B2A86893100B2403F /* SplashViewController.swift */ = {isa = PBXFileReference; lastKnownFileType = sourcecode.swift; path = SplashViewController.swift; sourceTree = "<group>"; };
		6F77EA742A9B860D003B2DB8 /* ArticleDetailsPageViewController.swift */ = {isa = PBXFileReference; lastKnownFileType = sourcecode.swift; path = ArticleDetailsPageViewController.swift; sourceTree = "<group>"; };
		6F77EA762A9B861B003B2DB8 /* ArticleDetailsPageViewModel.swift */ = {isa = PBXFileReference; lastKnownFileType = sourcecode.swift; path = ArticleDetailsPageViewModel.swift; sourceTree = "<group>"; };
		6F77EA782A9B905B003B2DB8 /* ArticleDetailsView.swift */ = {isa = PBXFileReference; lastKnownFileType = sourcecode.swift; path = ArticleDetailsView.swift; sourceTree = "<group>"; };
		6F77EA7A2A9C8D9E003B2DB8 /* RoundedButton.swift */ = {isa = PBXFileReference; lastKnownFileType = sourcecode.swift; path = RoundedButton.swift; sourceTree = "<group>"; };
		6F7B551C2A8E361500C17ED8 /* AritcleRepositoryMock.swift */ = {isa = PBXFileReference; lastKnownFileType = sourcecode.swift; path = AritcleRepositoryMock.swift; sourceTree = "<group>"; };
		6F7B55242A92090E00C17ED8 /* ArticleRepository.swift */ = {isa = PBXFileReference; lastKnownFileType = sourcecode.swift; path = ArticleRepository.swift; sourceTree = "<group>"; };
		6F7B55352A94A2B300C17ED8 /* NetworkManager.swift */ = {isa = PBXFileReference; lastKnownFileType = sourcecode.swift; path = NetworkManager.swift; sourceTree = "<group>"; };
		6F7B55392A94B1B800C17ED8 /* BaseViewController.swift */ = {isa = PBXFileReference; lastKnownFileType = sourcecode.swift; path = BaseViewController.swift; sourceTree = "<group>"; };
		6F7B553C2A95005400C17ED8 /* SearchPageViewController.swift */ = {isa = PBXFileReference; lastKnownFileType = sourcecode.swift; path = SearchPageViewController.swift; sourceTree = "<group>"; };
		6F7B553F2A95E24A00C17ED8 /* SearchCell.swift */ = {isa = PBXFileReference; lastKnownFileType = sourcecode.swift; path = SearchCell.swift; sourceTree = "<group>"; };
		6F7B55402A95E24A00C17ED8 /* SearchCell.xib */ = {isa = PBXFileReference; lastKnownFileType = file.xib; path = SearchCell.xib; sourceTree = "<group>"; };
		6F7B55452A9660FA00C17ED8 /* SearchPageViewModel.swift */ = {isa = PBXFileReference; lastKnownFileType = sourcecode.swift; path = SearchPageViewModel.swift; sourceTree = "<group>"; };
		6F7B55472A9793AD00C17ED8 /* SearchPageView.swift */ = {isa = PBXFileReference; lastKnownFileType = sourcecode.swift; path = SearchPageView.swift; sourceTree = "<group>"; };
		6FB15C432A8BBF7300756F6A /* Dispatcher.app */ = {isa = PBXFileReference; explicitFileType = wrapper.application; includeInIndex = 0; path = Dispatcher.app; sourceTree = BUILT_PRODUCTS_DIR; };
		6FB15C452A8D1B9100756F6A /* Article.swift */ = {isa = PBXFileReference; lastKnownFileType = sourcecode.swift; path = Article.swift; sourceTree = "<group>"; };
		6FB15C572A8DF03D00756F6A /* HomePageViewModel.swift */ = {isa = PBXFileReference; lastKnownFileType = sourcecode.swift; path = HomePageViewModel.swift; sourceTree = "<group>"; };
		6FB15C592A8DF45A00756F6A /* ArticleRepositoryProtocol .swift */ = {isa = PBXFileReference; lastKnownFileType = sourcecode.swift; path = "ArticleRepositoryProtocol .swift"; sourceTree = "<group>"; };
		6FD49B0B2A87FD6800BF85EB /* HomePageViewController.swift */ = {isa = PBXFileReference; lastKnownFileType = sourcecode.swift; path = HomePageViewController.swift; sourceTree = "<group>"; };
		6FD49B0D2A87FD7D00BF85EB /* UserPageViewController.swift */ = {isa = PBXFileReference; lastKnownFileType = sourcecode.swift; path = UserPageViewController.swift; sourceTree = "<group>"; };
		6FD49B0F2A87FDB100BF85EB /* FavoritePageViewController.swift */ = {isa = PBXFileReference; lastKnownFileType = sourcecode.swift; path = FavoritePageViewController.swift; sourceTree = "<group>"; };
		6FD49B172A890C0E00BF85EB /* NavigationBar.swift */ = {isa = PBXFileReference; lastKnownFileType = sourcecode.swift; path = NavigationBar.swift; sourceTree = "<group>"; };
		6FD49B1D2A8A5E6500BF85EB /* ArticleCell.swift */ = {isa = PBXFileReference; lastKnownFileType = sourcecode.swift; path = ArticleCell.swift; sourceTree = "<group>"; };
		6FD49B1E2A8A5E6500BF85EB /* ArticleCell.xib */ = {isa = PBXFileReference; lastKnownFileType = file.xib; path = ArticleCell.xib; sourceTree = "<group>"; };
/* End PBXFileReference section */

/* Begin PBXFrameworksBuildPhase section */
		6F39C1792A84E8E400B2403F /* Frameworks */ = {
			isa = PBXFrameworksBuildPhase;
			buildActionMask = 2147483647;
			files = (
				6F7B552C2A9488DC00C17ED8 /* Kingfisher in Frameworks */,
				6F7B55202A91357800C17ED8 /* Alamofire in Frameworks */,
			);
			runOnlyForDeploymentPostprocessing = 0;
		};
/* End PBXFrameworksBuildPhase section */

/* Begin PBXGroup section */
		6F39C1732A84E8E400B2403F = {
			isa = PBXGroup;
			children = (
				6F39C17E2A84E8E400B2403F /* Dispatcher */,
				6FB15C432A8BBF7300756F6A /* Dispatcher.app */,
			);
			sourceTree = "<group>";
		};
		6F39C17E2A84E8E400B2403F /* Dispatcher */ = {
			isa = PBXGroup;
			children = (
				6F7B55342A94A28E00C17ED8 /* Network */,
				6F39C19A2A8684EA00B2403F /* Resources */,
				6F39C1992A86845C00B2403F /* AppDelegate */,
				6FB15C502A8D1F4800756F6A /* UI */,
				6F39C1962A86840B00B2403F /* Model */,
				6FB15C472A8D1BF500756F6A /* Repository */,
			);
			path = Dispatcher;
			sourceTree = "<group>";
		};
		6F39C1962A86840B00B2403F /* Model */ = {
			isa = PBXGroup;
			children = (
				6F39C1882A84E8E400B2403F /* Dispatcher.xcdatamodeld */,
				6FB15C452A8D1B9100756F6A /* Article.swift */,
			);
			path = Model;
			sourceTree = "<group>";
		};
		6F39C1992A86845C00B2403F /* AppDelegate */ = {
			isa = PBXGroup;
			children = (
				6F39C17F2A84E8E400B2403F /* AppDelegate.swift */,
				6F39C1812A84E8E400B2403F /* SceneDelegate.swift */,
			);
			path = AppDelegate;
			sourceTree = "<group>";
		};
		6F39C19A2A8684EA00B2403F /* Resources */ = {
			isa = PBXGroup;
			children = (
				6F39C1902A84E8E500B2403F /* Info.plist */,
				6F39C18B2A84E8E500B2403F /* Assets.xcassets */,
			);
			path = Resources;
			sourceTree = "<group>";
		};
		6F77EA732A9B85D2003B2DB8 /* ArticleDetailsPage */ = {
			isa = PBXGroup;
			children = (
				6F77EA742A9B860D003B2DB8 /* ArticleDetailsPageViewController.swift */,
				6F77EA762A9B861B003B2DB8 /* ArticleDetailsPageViewModel.swift */,
				6F77EA782A9B905B003B2DB8 /* ArticleDetailsView.swift */,
			);
			path = ArticleDetailsPage;
			sourceTree = "<group>";
		};
		6F77EA7C2A9CAD4A003B2DB8 /* Components */ = {
			isa = PBXGroup;
			children = (
				6F77EA7A2A9C8D9E003B2DB8 /* RoundedButton.swift */,
			);
			path = Components;
			sourceTree = "<group>";
		};
		6F7B551B2A8E35E800C17ED8 /* ArticleRepository */ = {
			isa = PBXGroup;
			children = (
				6FB15C592A8DF45A00756F6A /* ArticleRepositoryProtocol .swift */,
				6F7B551C2A8E361500C17ED8 /* AritcleRepositoryMock.swift */,
				6F7B55242A92090E00C17ED8 /* ArticleRepository.swift */,
			);
			path = ArticleRepository;
			sourceTree = "<group>";
		};
		6F7B55342A94A28E00C17ED8 /* Network */ = {
			isa = PBXGroup;
			children = (
				6F7B55352A94A2B300C17ED8 /* NetworkManager.swift */,
			);
			path = Network;
			sourceTree = "<group>";
		};
		6F7B553B2A95001800C17ED8 /* SearchPage */ = {
			isa = PBXGroup;
			children = (
				6F7B553C2A95005400C17ED8 /* SearchPageViewController.swift */,
				6F7B55452A9660FA00C17ED8 /* SearchPageViewModel.swift */,
				6F7B55472A9793AD00C17ED8 /* SearchPageView.swift */,
			);
			path = SearchPage;
			sourceTree = "<group>";
		};
		6F7B553E2A95E1CE00C17ED8 /* SearchCell */ = {
			isa = PBXGroup;
			children = (
				6F7B553F2A95E24A00C17ED8 /* SearchCell.swift */,
				6F7B55402A95E24A00C17ED8 /* SearchCell.xib */,
			);
			path = SearchCell;
			sourceTree = "<group>";
		};
		6FB15C472A8D1BF500756F6A /* Repository */ = {
			isa = PBXGroup;
			children = (
				6F7B551B2A8E35E800C17ED8 /* ArticleRepository */,
			);
			path = Repository;
			sourceTree = "<group>";
		};
		6FB15C492A8D1CB400756F6A /* HomePage */ = {
			isa = PBXGroup;
			children = (
				6FD49B0B2A87FD6800BF85EB /* HomePageViewController.swift */,
				6FB15C572A8DF03D00756F6A /* HomePageViewModel.swift */,
			);
			path = HomePage;
			sourceTree = "<group>";
		};
		6FB15C4A2A8D1D1E00756F6A /* SplashPage */ = {
			isa = PBXGroup;
			children = (
				6F39C19B2A86893100B2403F /* SplashViewController.swift */,
			);
			path = SplashPage;
			sourceTree = "<group>";
		};
		6FB15C4B2A8D1D4000756F6A /* UserPage */ = {
			isa = PBXGroup;
			children = (
				6FD49B0D2A87FD7D00BF85EB /* UserPageViewController.swift */,
			);
			path = UserPage;
			sourceTree = "<group>";
		};
		6FB15C4C2A8D1D5C00756F6A /* FavoritePage */ = {
			isa = PBXGroup;
			children = (
				6FD49B0F2A87FDB100BF85EB /* FavoritePageViewController.swift */,
			);
			path = FavoritePage;
			sourceTree = "<group>";
		};
		6FB15C4D2A8D1D9900756F6A /* ArticleCell */ = {
			isa = PBXGroup;
			children = (
				6FD49B1D2A8A5E6500BF85EB /* ArticleCell.swift */,
				6FD49B1E2A8A5E6500BF85EB /* ArticleCell.xib */,
			);
			path = ArticleCell;
			sourceTree = "<group>";
		};
		6FB15C502A8D1F4800756F6A /* UI */ = {
			isa = PBXGroup;
			children = (
				6F77EA7C2A9CAD4A003B2DB8 /* Components */,
				6FB15C522A8D220200756F6A /* CustomCells */,
				6FB15C512A8D1F6D00756F6A /* Screens */,
				6F39C1852A84E8E400B2403F /* Main.storyboard */,
				6FD49B172A890C0E00BF85EB /* NavigationBar.swift */,
				6F7B55392A94B1B800C17ED8 /* BaseViewController.swift */,
			);
			path = UI;
			sourceTree = "<group>";
		};
		6FB15C512A8D1F6D00756F6A /* Screens */ = {
			isa = PBXGroup;
			children = (
				6F77EA732A9B85D2003B2DB8 /* ArticleDetailsPage */,
				6F7B553B2A95001800C17ED8 /* SearchPage */,
				6FB15C4B2A8D1D4000756F6A /* UserPage */,
				6FB15C4C2A8D1D5C00756F6A /* FavoritePage */,
				6FB15C4A2A8D1D1E00756F6A /* SplashPage */,
				6FB15C492A8D1CB400756F6A /* HomePage */,
			);
			path = Screens;
			sourceTree = "<group>";
		};
		6FB15C522A8D220200756F6A /* CustomCells */ = {
			isa = PBXGroup;
			children = (
				6F7B553E2A95E1CE00C17ED8 /* SearchCell */,
				6FB15C4D2A8D1D9900756F6A /* ArticleCell */,
			);
			path = CustomCells;
			sourceTree = "<group>";
		};
/* End PBXGroup section */

/* Begin PBXNativeTarget section */
		6F39C17B2A84E8E400B2403F /* Dispatcher */ = {
			isa = PBXNativeTarget;
			buildConfigurationList = 6F39C1932A84E8E500B2403F /* Build configuration list for PBXNativeTarget "Dispatcher" */;
			buildPhases = (
				6F39C1782A84E8E400B2403F /* Sources */,
				6F39C1792A84E8E400B2403F /* Frameworks */,
				6F39C17A2A84E8E400B2403F /* Resources */,
			);
			buildRules = (
			);
			dependencies = (
			);
			name = Dispatcher;
			packageProductDependencies = (
				6F7B551F2A91357800C17ED8 /* Alamofire */,
				6F7B552B2A9488DC00C17ED8 /* Kingfisher */,
			);
			productName = Dispatcher;
			productReference = 6FB15C432A8BBF7300756F6A /* Dispatcher.app */;
			productType = "com.apple.product-type.application";
		};
/* End PBXNativeTarget section */

/* Begin PBXProject section */
		6F39C1742A84E8E400B2403F /* Project object */ = {
			isa = PBXProject;
			attributes = {
				BuildIndependentTargetsInParallel = 1;
				LastSwiftUpdateCheck = 1430;
				LastUpgradeCheck = 1430;
				TargetAttributes = {
					6F39C17B2A84E8E400B2403F = {
						CreatedOnToolsVersion = 14.3.1;
					};
				};
			};
			buildConfigurationList = 6F39C1772A84E8E400B2403F /* Build configuration list for PBXProject "Dispatcher" */;
			compatibilityVersion = "Xcode 14.0";
			developmentRegion = en;
			hasScannedForEncodings = 0;
			knownRegions = (
				en,
				Base,
			);
			mainGroup = 6F39C1732A84E8E400B2403F;
			packageReferences = (
				6F7B551E2A91357800C17ED8 /* XCRemoteSwiftPackageReference "Alamofire" */,
				6F7B552A2A9488DC00C17ED8 /* XCRemoteSwiftPackageReference "Kingfisher" */,
			);
			productRefGroup = 6F39C1732A84E8E400B2403F;
			projectDirPath = "";
			projectRoot = "";
			targets = (
				6F39C17B2A84E8E400B2403F /* Dispatcher */,
			);
		};
/* End PBXProject section */

/* Begin PBXResourcesBuildPhase section */
		6F39C17A2A84E8E400B2403F /* Resources */ = {
			isa = PBXResourcesBuildPhase;
			buildActionMask = 2147483647;
			files = (
				6F39C18C2A84E8E500B2403F /* Assets.xcassets in Resources */,
				6F7B55422A95E24A00C17ED8 /* SearchCell.xib in Resources */,
				6FD49B202A8A5E6500BF85EB /* ArticleCell.xib in Resources */,
				6F39C1872A84E8E400B2403F /* Main.storyboard in Resources */,
			);
			runOnlyForDeploymentPostprocessing = 0;
		};
/* End PBXResourcesBuildPhase section */

/* Begin PBXSourcesBuildPhase section */
		6F39C1782A84E8E400B2403F /* Sources */ = {
			isa = PBXSourcesBuildPhase;
			buildActionMask = 2147483647;
			files = (
				6F77EA752A9B860D003B2DB8 /* ArticleDetailsPageViewController.swift in Sources */,
				6F7B55482A9793AD00C17ED8 /* SearchPageView.swift in Sources */,
				6FB15C462A8D1B9100756F6A /* Article.swift in Sources */,
				6FD49B102A87FDB100BF85EB /* FavoritePageViewController.swift in Sources */,
				6FD49B0E2A87FD7D00BF85EB /* UserPageViewController.swift in Sources */,
				6FB15C582A8DF03D00756F6A /* HomePageViewModel.swift in Sources */,
				6F7B553A2A94B1B800C17ED8 /* BaseViewController.swift in Sources */,
				6F77EA792A9B905B003B2DB8 /* ArticleDetailsView.swift in Sources */,
				6F7B55252A92090E00C17ED8 /* ArticleRepository.swift in Sources */,
				6F39C1802A84E8E400B2403F /* AppDelegate.swift in Sources */,
				6F7B551D2A8E361500C17ED8 /* AritcleRepositoryMock.swift in Sources */,
				6F39C18A2A84E8E400B2403F /* Dispatcher.xcdatamodeld in Sources */,
				6FB15C5A2A8DF45A00756F6A /* ArticleRepositoryProtocol .swift in Sources */,
				6F7B553D2A95005400C17ED8 /* SearchPageViewController.swift in Sources */,
				6F39C19C2A86893100B2403F /* SplashViewController.swift in Sources */,
				6FD49B182A890C0E00BF85EB /* NavigationBar.swift in Sources */,
				6F7B55462A9660FA00C17ED8 /* SearchPageViewModel.swift in Sources */,
				6F7B55412A95E24A00C17ED8 /* SearchCell.swift in Sources */,
				6FD49B0C2A87FD6800BF85EB /* HomePageViewController.swift in Sources */,
				6F7B55362A94A2B300C17ED8 /* NetworkManager.swift in Sources */,
				6F77EA7B2A9C8D9E003B2DB8 /* RoundedButton.swift in Sources */,
				6F77EA772A9B861B003B2DB8 /* ArticleDetailsPageViewModel.swift in Sources */,
				6FD49B1F2A8A5E6500BF85EB /* ArticleCell.swift in Sources */,
				6F39C1822A84E8E400B2403F /* SceneDelegate.swift in Sources */,
			);
			runOnlyForDeploymentPostprocessing = 0;
		};
/* End PBXSourcesBuildPhase section */

/* Begin PBXVariantGroup section */
		6F39C1852A84E8E400B2403F /* Main.storyboard */ = {
			isa = PBXVariantGroup;
			children = (
				6F39C1862A84E8E400B2403F /* Base */,
			);
			name = Main.storyboard;
			sourceTree = "<group>";
		};
/* End PBXVariantGroup section */

/* Begin XCBuildConfiguration section */
		6F39C1912A84E8E500B2403F /* Debug */ = {
			isa = XCBuildConfiguration;
			buildSettings = {
				ALWAYS_SEARCH_USER_PATHS = NO;
				CLANG_ANALYZER_NONNULL = YES;
				CLANG_ANALYZER_NUMBER_OBJECT_CONVERSION = YES_AGGRESSIVE;
				CLANG_CXX_LANGUAGE_STANDARD = "gnu++20";
				CLANG_ENABLE_MODULES = YES;
				CLANG_ENABLE_OBJC_ARC = YES;
				CLANG_ENABLE_OBJC_WEAK = YES;
				CLANG_WARN_BLOCK_CAPTURE_AUTORELEASING = YES;
				CLANG_WARN_BOOL_CONVERSION = YES;
				CLANG_WARN_COMMA = YES;
				CLANG_WARN_CONSTANT_CONVERSION = YES;
				CLANG_WARN_DEPRECATED_OBJC_IMPLEMENTATIONS = YES;
				CLANG_WARN_DIRECT_OBJC_ISA_USAGE = YES_ERROR;
				CLANG_WARN_DOCUMENTATION_COMMENTS = YES;
				CLANG_WARN_EMPTY_BODY = YES;
				CLANG_WARN_ENUM_CONVERSION = YES;
				CLANG_WARN_INFINITE_RECURSION = YES;
				CLANG_WARN_INT_CONVERSION = YES;
				CLANG_WARN_NON_LITERAL_NULL_CONVERSION = YES;
				CLANG_WARN_OBJC_IMPLICIT_RETAIN_SELF = YES;
				CLANG_WARN_OBJC_LITERAL_CONVERSION = YES;
				CLANG_WARN_OBJC_ROOT_CLASS = YES_ERROR;
				CLANG_WARN_QUOTED_INCLUDE_IN_FRAMEWORK_HEADER = YES;
				CLANG_WARN_RANGE_LOOP_ANALYSIS = YES;
				CLANG_WARN_STRICT_PROTOTYPES = YES;
				CLANG_WARN_SUSPICIOUS_MOVE = YES;
				CLANG_WARN_UNGUARDED_AVAILABILITY = YES_AGGRESSIVE;
				CLANG_WARN_UNREACHABLE_CODE = YES;
				CLANG_WARN__DUPLICATE_METHOD_MATCH = YES;
				COPY_PHASE_STRIP = NO;
				DEBUG_INFORMATION_FORMAT = dwarf;
				ENABLE_STRICT_OBJC_MSGSEND = YES;
				ENABLE_TESTABILITY = YES;
				GCC_C_LANGUAGE_STANDARD = gnu11;
				GCC_DYNAMIC_NO_PIC = NO;
				GCC_NO_COMMON_BLOCKS = YES;
				GCC_OPTIMIZATION_LEVEL = 0;
				GCC_PREPROCESSOR_DEFINITIONS = (
					"DEBUG=1",
					"$(inherited)",
				);
				GCC_WARN_64_TO_32_BIT_CONVERSION = YES;
				GCC_WARN_ABOUT_RETURN_TYPE = YES_ERROR;
				GCC_WARN_UNDECLARED_SELECTOR = YES;
				GCC_WARN_UNINITIALIZED_AUTOS = YES_AGGRESSIVE;
				GCC_WARN_UNUSED_FUNCTION = YES;
				GCC_WARN_UNUSED_VARIABLE = YES;
				IPHONEOS_DEPLOYMENT_TARGET = 16.4;
				MTL_ENABLE_DEBUG_INFO = INCLUDE_SOURCE;
				MTL_FAST_MATH = YES;
				ONLY_ACTIVE_ARCH = YES;
				SDKROOT = iphoneos;
				SWIFT_ACTIVE_COMPILATION_CONDITIONS = DEBUG;
				SWIFT_OPTIMIZATION_LEVEL = "-Onone";
			};
			name = Debug;
		};
		6F39C1922A84E8E500B2403F /* Release */ = {
			isa = XCBuildConfiguration;
			buildSettings = {
				ALWAYS_SEARCH_USER_PATHS = NO;
				CLANG_ANALYZER_NONNULL = YES;
				CLANG_ANALYZER_NUMBER_OBJECT_CONVERSION = YES_AGGRESSIVE;
				CLANG_CXX_LANGUAGE_STANDARD = "gnu++20";
				CLANG_ENABLE_MODULES = YES;
				CLANG_ENABLE_OBJC_ARC = YES;
				CLANG_ENABLE_OBJC_WEAK = YES;
				CLANG_WARN_BLOCK_CAPTURE_AUTORELEASING = YES;
				CLANG_WARN_BOOL_CONVERSION = YES;
				CLANG_WARN_COMMA = YES;
				CLANG_WARN_CONSTANT_CONVERSION = YES;
				CLANG_WARN_DEPRECATED_OBJC_IMPLEMENTATIONS = YES;
				CLANG_WARN_DIRECT_OBJC_ISA_USAGE = YES_ERROR;
				CLANG_WARN_DOCUMENTATION_COMMENTS = YES;
				CLANG_WARN_EMPTY_BODY = YES;
				CLANG_WARN_ENUM_CONVERSION = YES;
				CLANG_WARN_INFINITE_RECURSION = YES;
				CLANG_WARN_INT_CONVERSION = YES;
				CLANG_WARN_NON_LITERAL_NULL_CONVERSION = YES;
				CLANG_WARN_OBJC_IMPLICIT_RETAIN_SELF = YES;
				CLANG_WARN_OBJC_LITERAL_CONVERSION = YES;
				CLANG_WARN_OBJC_ROOT_CLASS = YES_ERROR;
				CLANG_WARN_QUOTED_INCLUDE_IN_FRAMEWORK_HEADER = YES;
				CLANG_WARN_RANGE_LOOP_ANALYSIS = YES;
				CLANG_WARN_STRICT_PROTOTYPES = YES;
				CLANG_WARN_SUSPICIOUS_MOVE = YES;
				CLANG_WARN_UNGUARDED_AVAILABILITY = YES_AGGRESSIVE;
				CLANG_WARN_UNREACHABLE_CODE = YES;
				CLANG_WARN__DUPLICATE_METHOD_MATCH = YES;
				COPY_PHASE_STRIP = NO;
				DEBUG_INFORMATION_FORMAT = "dwarf-with-dsym";
				ENABLE_NS_ASSERTIONS = NO;
				ENABLE_STRICT_OBJC_MSGSEND = YES;
				GCC_C_LANGUAGE_STANDARD = gnu11;
				GCC_NO_COMMON_BLOCKS = YES;
				GCC_WARN_64_TO_32_BIT_CONVERSION = YES;
				GCC_WARN_ABOUT_RETURN_TYPE = YES_ERROR;
				GCC_WARN_UNDECLARED_SELECTOR = YES;
				GCC_WARN_UNINITIALIZED_AUTOS = YES_AGGRESSIVE;
				GCC_WARN_UNUSED_FUNCTION = YES;
				GCC_WARN_UNUSED_VARIABLE = YES;
				IPHONEOS_DEPLOYMENT_TARGET = 16.4;
				MTL_ENABLE_DEBUG_INFO = NO;
				MTL_FAST_MATH = YES;
				SDKROOT = iphoneos;
				SWIFT_COMPILATION_MODE = wholemodule;
				SWIFT_OPTIMIZATION_LEVEL = "-O";
				VALIDATE_PRODUCT = YES;
			};
			name = Release;
		};
		6F39C1942A84E8E500B2403F /* Debug */ = {
			isa = XCBuildConfiguration;
			buildSettings = {
				ASSETCATALOG_COMPILER_APPICON_NAME = AppIcon;
				ASSETCATALOG_COMPILER_GLOBAL_ACCENT_COLOR_NAME = AccentColor;
				CODE_SIGN_STYLE = Automatic;
				CURRENT_PROJECT_VERSION = 1;
				GENERATE_INFOPLIST_FILE = YES;
				INFOPLIST_FILE = Dispatcher/Resources/Info.plist;
				INFOPLIST_KEY_UIApplicationSupportsIndirectInputEvents = YES;
				INFOPLIST_KEY_UILaunchStoryboardName = Main.storyboard;
				INFOPLIST_KEY_UIMainStoryboardFile = Main;
				INFOPLIST_KEY_UISupportedInterfaceOrientations_iPad = "UIInterfaceOrientationPortrait UIInterfaceOrientationPortraitUpsideDown UIInterfaceOrientationLandscapeLeft UIInterfaceOrientationLandscapeRight";
				INFOPLIST_KEY_UISupportedInterfaceOrientations_iPhone = "UIInterfaceOrientationPortrait UIInterfaceOrientationLandscapeLeft UIInterfaceOrientationLandscapeRight";
				MARKETING_VERSION = 1.0.1;
				PRODUCT_BUNDLE_IDENTIFIER = com.hadarBasson.Dispatcher;
				PRODUCT_NAME = "$(TARGET_NAME)";
				SWIFT_EMIT_LOC_STRINGS = YES;
				SWIFT_VERSION = 5.0;
				TARGETED_DEVICE_FAMILY = "1,2";
			};
			name = Debug;
		};
		6F39C1952A84E8E500B2403F /* Release */ = {
			isa = XCBuildConfiguration;
			buildSettings = {
				ASSETCATALOG_COMPILER_APPICON_NAME = AppIcon;
				ASSETCATALOG_COMPILER_GLOBAL_ACCENT_COLOR_NAME = AccentColor;
				CODE_SIGN_STYLE = Automatic;
				CURRENT_PROJECT_VERSION = 1;
				GENERATE_INFOPLIST_FILE = YES;
				INFOPLIST_FILE = Dispatcher/Resources/Info.plist;
				INFOPLIST_KEY_UIApplicationSupportsIndirectInputEvents = YES;
				INFOPLIST_KEY_UILaunchStoryboardName = Main.storyboard;
				INFOPLIST_KEY_UIMainStoryboardFile = Main;
				INFOPLIST_KEY_UISupportedInterfaceOrientations_iPad = "UIInterfaceOrientationPortrait UIInterfaceOrientationPortraitUpsideDown UIInterfaceOrientationLandscapeLeft UIInterfaceOrientationLandscapeRight";
				INFOPLIST_KEY_UISupportedInterfaceOrientations_iPhone = "UIInterfaceOrientationPortrait UIInterfaceOrientationLandscapeLeft UIInterfaceOrientationLandscapeRight";
				MARKETING_VERSION = 1.0.1;
				PRODUCT_BUNDLE_IDENTIFIER = com.hadarBasson.Dispatcher;
				PRODUCT_NAME = "$(TARGET_NAME)";
				SWIFT_EMIT_LOC_STRINGS = YES;
				SWIFT_VERSION = 5.0;
				TARGETED_DEVICE_FAMILY = "1,2";
			};
			name = Release;
		};
/* End XCBuildConfiguration section */

/* Begin XCConfigurationList section */
		6F39C1772A84E8E400B2403F /* Build configuration list for PBXProject "Dispatcher" */ = {
			isa = XCConfigurationList;
			buildConfigurations = (
				6F39C1912A84E8E500B2403F /* Debug */,
				6F39C1922A84E8E500B2403F /* Release */,
			);
			defaultConfigurationIsVisible = 0;
			defaultConfigurationName = Release;
		};
		6F39C1932A84E8E500B2403F /* Build configuration list for PBXNativeTarget "Dispatcher" */ = {
			isa = XCConfigurationList;
			buildConfigurations = (
				6F39C1942A84E8E500B2403F /* Debug */,
				6F39C1952A84E8E500B2403F /* Release */,
			);
			defaultConfigurationIsVisible = 0;
			defaultConfigurationName = Release;
		};
/* End XCConfigurationList section */

/* Begin XCRemoteSwiftPackageReference section */
		6F7B551E2A91357800C17ED8 /* XCRemoteSwiftPackageReference "Alamofire" */ = {
			isa = XCRemoteSwiftPackageReference;
			repositoryURL = "https://github.com/Alamofire/Alamofire.git";
			requirement = {
				kind = upToNextMajorVersion;
				minimumVersion = 5.0.0;
			};
		};
		6F7B552A2A9488DC00C17ED8 /* XCRemoteSwiftPackageReference "Kingfisher" */ = {
			isa = XCRemoteSwiftPackageReference;
			repositoryURL = "https://github.com/onevcat/Kingfisher.git";
			requirement = {
				kind = upToNextMajorVersion;
				minimumVersion = 7.0.0;
			};
		};
/* End XCRemoteSwiftPackageReference section */

/* Begin XCSwiftPackageProductDependency section */
		6F7B551F2A91357800C17ED8 /* Alamofire */ = {
			isa = XCSwiftPackageProductDependency;
			package = 6F7B551E2A91357800C17ED8 /* XCRemoteSwiftPackageReference "Alamofire" */;
			productName = Alamofire;
		};
		6F7B552B2A9488DC00C17ED8 /* Kingfisher */ = {
			isa = XCSwiftPackageProductDependency;
			package = 6F7B552A2A9488DC00C17ED8 /* XCRemoteSwiftPackageReference "Kingfisher" */;
			productName = Kingfisher;
		};
/* End XCSwiftPackageProductDependency section */

/* Begin XCVersionGroup section */
		6F39C1882A84E8E400B2403F /* Dispatcher.xcdatamodeld */ = {
			isa = XCVersionGroup;
			children = (
				6F39C1892A84E8E400B2403F /* Dispatcher.xcdatamodel */,
			);
			currentVersion = 6F39C1892A84E8E400B2403F /* Dispatcher.xcdatamodel */;
			path = Dispatcher.xcdatamodeld;
			sourceTree = "<group>";
			versionGroupType = wrapper.xcdatamodel;
		};
/* End XCVersionGroup section */
	};
	rootObject = 6F39C1742A84E8E400B2403F /* Project object */;
}
